
Microsoft Visual Studio Solution File, Format Version 12.00
# Visual Studio Version 17
VisualStudioVersion = 17.4.33110.190
MinimumVisualStudioVersion = 10.0.40219.1
Project("{FAE04EC0-301F-11D3-BF4B-00C04F79EFBC}") = "SkiServiceApp", "SkiServiceApp.csproj", "{CC30AE3F-379C-4E41-BE63-096135042D11}"
EndProject
Global
	GlobalSection(SolutionConfigurationPlatforms) = preSolution
		Debug|Any CPU = Debug|Any CPU
		Release|Any CPU = Release|Any CPU
	EndGlobalSection
	GlobalSection(ProjectConfigurationPlatforms) = postSolution
		{CC30AE3F-379C-4E41-BE63-096135042D11}.Debug|Any CPU.ActiveCfg = Debug|Any CPU
		{CC30AE3F-379C-4E41-BE63-096135042D11}.Debug|Any CPU.Build.0 = Debug|Any CPU
		{CC30AE3F-379C-4E41-BE63-096135042D11}.Release|Any CPU.ActiveCfg = Release|Any CPU
		{CC30AE3F-379C-4E41-BE63-096135042D11}.Release|Any CPU.Build.0 = Release|Any CPU
	EndGlobalSection
	GlobalSection(SolutionProperties) = preSolution
		HideSolutionNode = FALSE
	EndGlobalSection
	GlobalSection(ExtensibilityGlobals) = postSolution
		SolutionGuid = {006095CC-B4BC-4EE2-9112-E29C519A38F4}
	EndGlobalSection
EndGlobal
