
Microsoft Visual Studio Solution File, Format Version 12.00
# Visual Studio Version 17
VisualStudioVersion = 17.4.33110.190
MinimumVisualStudioVersion = 10.0.40219.1
Project("{9A19103F-16F7-4668-BE54-9A1E7A4F7556}") = "SkiServiceApp", "SkiServiceApp.csproj", "{CC30AE3F-379C-4E41-BE63-096135042D11}"
EndProject
Project("{2150E333-8FDC-42A3-9474-1A3956D46DE8}") = "Solution Items", "Solution Items", "{673A7E4C-3923-4250-9399-900A7EE8FE04}"
	ProjectSection(SolutionItems) = preProject
		.editorconfig = .editorconfig
	EndProjectSection
EndProject
Global
	GlobalSection(SolutionConfigurationPlatforms) = preSolution
		Debug|Any CPU = Debug|Any CPU
		Release|Any CPU = Release|Any CPU
	EndGlobalSection
	GlobalSection(ProjectConfigurationPlatforms) = postSolution
		{CC30AE3F-379C-4E41-BE63-096135042D11}.Debug|Any CPU.ActiveCfg = Debug|Any CPU
		{CC30AE3F-379C-4E41-BE63-096135042D11}.Debug|Any CPU.Build.0 = Debug|Any CPU
		{CC30AE3F-379C-4E41-BE63-096135042D11}.Release|Any CPU.ActiveCfg = Release|Any CPU
		{CC30AE3F-379C-4E41-BE63-096135042D11}.Release|Any CPU.Build.0 = Release|Any CPU
	EndGlobalSection
	GlobalSection(SolutionProperties) = preSolution
		HideSolutionNode = FALSE
	EndGlobalSection
	GlobalSection(ExtensibilityGlobals) = postSolution
		SolutionGuid = {006095CC-B4BC-4EE2-9112-E29C519A38F4}
	EndGlobalSection
EndGlobal
